
Microsoft Visual Studio Solution File, Format Version 12.00
# Visual Studio 15
VisualStudioVersion = 15.0.28307.852
MinimumVisualStudioVersion = 10.0.40219.1
Project("{FAE04EC0-301F-11D3-BF4B-00C04F79EFBC}") = "Interaction", "DebugPluginLocally1\Interaction\Interaction.csproj", "{ADA94082-0448-4633-9683-10E141D2C3A5}"
EndProject
Project("{FAE04EC0-301F-11D3-BF4B-00C04F79EFBC}") = "DebugPluginLocally", "DebugPluginLocally1\DebugPluginLocally\DebugPluginLocally.csproj", "{28F2F40B-8D7B-430E-9751-5B7816A52822}"
EndProject
Project("{FAE04EC0-301F-11D3-BF4B-00C04F79EFBC}") = "DebugPluginLocally1Plugin", "DebugPluginLocally1\DebugPluginLocally1Plugin\DebugPluginLocally1Plugin.csproj", "{5A51CE3E-AA7B-4222-ABD1-12EE269D38EC}"
EndProject
Global
	GlobalSection(SolutionConfigurationPlatforms) = preSolution
		Debug|Any CPU = Debug|Any CPU
		Release|Any CPU = Release|Any CPU
	EndGlobalSection
	GlobalSection(ProjectConfigurationPlatforms) = postSolution
		{ADA94082-0448-4633-9683-10E141D2C3A5}.Debug|Any CPU.ActiveCfg = Debug|Any CPU
		{ADA94082-0448-4633-9683-10E141D2C3A5}.Debug|Any CPU.Build.0 = Debug|Any CPU
		{ADA94082-0448-4633-9683-10E141D2C3A5}.Release|Any CPU.ActiveCfg = Release|Any CPU
		{ADA94082-0448-4633-9683-10E141D2C3A5}.Release|Any CPU.Build.0 = Release|Any CPU
		{28F2F40B-8D7B-430E-9751-5B7816A52822}.Debug|Any CPU.ActiveCfg = Debug|Any CPU
		{28F2F40B-8D7B-430E-9751-5B7816A52822}.Debug|Any CPU.Build.0 = Debug|Any CPU
		{28F2F40B-8D7B-430E-9751-5B7816A52822}.Release|Any CPU.ActiveCfg = Release|Any CPU
		{28F2F40B-8D7B-430E-9751-5B7816A52822}.Release|Any CPU.Build.0 = Release|Any CPU
		{5A51CE3E-AA7B-4222-ABD1-12EE269D38EC}.Debug|Any CPU.ActiveCfg = Debug|Any CPU
		{5A51CE3E-AA7B-4222-ABD1-12EE269D38EC}.Debug|Any CPU.Build.0 = Debug|Any CPU
		{5A51CE3E-AA7B-4222-ABD1-12EE269D38EC}.Release|Any CPU.ActiveCfg = Release|Any CPU
		{5A51CE3E-AA7B-4222-ABD1-12EE269D38EC}.Release|Any CPU.Build.0 = Release|Any CPU
	EndGlobalSection
	GlobalSection(SolutionProperties) = preSolution
		HideSolutionNode = FALSE
	EndGlobalSection
	GlobalSection(ExtensibilityGlobals) = postSolution
		SolutionGuid = {634F08E6-CDAE-4456-A05C-3113E5C98B27}
	EndGlobalSection
EndGlobal
