
Microsoft Visual Studio Solution File, Format Version 12.00
# Visual Studio 15
VisualStudioVersion = 15.0.28307.852
MinimumVisualStudioVersion = 10.0.40219.1
Project("{F184B08F-C81C-45F6-A57F-5ABD9991F28F}") = "DrawingMainSketch", "DrawingMainSketch\DrawingMainSketch.vbproj", "{BAE1BED5-9E38-4313-B8D0-D3F884081425}"
	ProjectSection(ProjectDependencies) = postProject
		{F6617917-0644-4569-A879-F6034A53AFA6} = {F6617917-0644-4569-A879-F6034A53AFA6}
		{B7863E66-666C-4B20-9FCC-EF72ED8D65E4} = {B7863E66-666C-4B20-9FCC-EF72ED8D65E4}
	EndProjectSection
EndProject
Project("{F184B08F-C81C-45F6-A57F-5ABD9991F28F}") = "DrawInitialSketch", "..\DrawInitialSketch\DrawInitialSketch\DrawInitialSketch.vbproj", "{B7863E66-666C-4B20-9FCC-EF72ED8D65E4}"
EndProject
Project("{F184B08F-C81C-45F6-A57F-5ABD9991F28F}") = "GetInitialConditions", "..\GetInitialConditions\GetInitialConditions\GetInitialConditions.vbproj", "{3A2D046A-FF71-4A42-93DC-087E6F12045E}"
EndProject
Project("{F184B08F-C81C-45F6-A57F-5ABD9991F28F}") = "BandFoldingIterator", "..\BandFoldingIterator\BandFoldingIterator\BandFoldingIterator.vbproj", "{F6617917-0644-4569-A879-F6034A53AFA6}"
EndProject
Global
	GlobalSection(SolutionConfigurationPlatforms) = preSolution
		Debug|Any CPU = Debug|Any CPU
		Release|Any CPU = Release|Any CPU
	EndGlobalSection
	GlobalSection(ProjectConfigurationPlatforms) = postSolution
		{BAE1BED5-9E38-4313-B8D0-D3F884081425}.Debug|Any CPU.ActiveCfg = Debug|Any CPU
		{BAE1BED5-9E38-4313-B8D0-D3F884081425}.Debug|Any CPU.Build.0 = Debug|Any CPU
		{BAE1BED5-9E38-4313-B8D0-D3F884081425}.Release|Any CPU.ActiveCfg = Release|Any CPU
		{BAE1BED5-9E38-4313-B8D0-D3F884081425}.Release|Any CPU.Build.0 = Release|Any CPU
		{B7863E66-666C-4B20-9FCC-EF72ED8D65E4}.Debug|Any CPU.ActiveCfg = Debug|Any CPU
		{B7863E66-666C-4B20-9FCC-EF72ED8D65E4}.Debug|Any CPU.Build.0 = Debug|Any CPU
		{B7863E66-666C-4B20-9FCC-EF72ED8D65E4}.Release|Any CPU.ActiveCfg = Release|Any CPU
		{B7863E66-666C-4B20-9FCC-EF72ED8D65E4}.Release|Any CPU.Build.0 = Release|Any CPU
		{3A2D046A-FF71-4A42-93DC-087E6F12045E}.Debug|Any CPU.ActiveCfg = Debug|Any CPU
		{3A2D046A-FF71-4A42-93DC-087E6F12045E}.Debug|Any CPU.Build.0 = Debug|Any CPU
		{3A2D046A-FF71-4A42-93DC-087E6F12045E}.Release|Any CPU.ActiveCfg = Release|Any CPU
		{3A2D046A-FF71-4A42-93DC-087E6F12045E}.Release|Any CPU.Build.0 = Release|Any CPU
		{F6617917-0644-4569-A879-F6034A53AFA6}.Debug|Any CPU.ActiveCfg = Debug|Any CPU
		{F6617917-0644-4569-A879-F6034A53AFA6}.Debug|Any CPU.Build.0 = Debug|Any CPU
		{F6617917-0644-4569-A879-F6034A53AFA6}.Release|Any CPU.ActiveCfg = Release|Any CPU
		{F6617917-0644-4569-A879-F6034A53AFA6}.Release|Any CPU.Build.0 = Release|Any CPU
	EndGlobalSection
	GlobalSection(SolutionProperties) = preSolution
		HideSolutionNode = FALSE
	EndGlobalSection
	GlobalSection(ExtensibilityGlobals) = postSolution
		SolutionGuid = {7E00B05B-6365-47AE-873A-7AC89C42C58F}
	EndGlobalSection
EndGlobal
