
Microsoft Visual Studio Solution File, Format Version 12.00
# Visual Studio 15
VisualStudioVersion = 15.0.28307.852
MinimumVisualStudioVersion = 10.0.40219.1
Project("{F184B08F-C81C-45F6-A57F-5ABD9991F28F}") = "ConSuppAsm", "ClassLibrary1\ConSuppAsm.vbproj", "{8A788FC8-BA2C-469F-BB60-5BD105D66009}"
EndProject
Global
	GlobalSection(SolutionConfigurationPlatforms) = preSolution
		Debug|Any CPU = Debug|Any CPU
		Release|Any CPU = Release|Any CPU
	EndGlobalSection
	GlobalSection(ProjectConfigurationPlatforms) = postSolution
		{8A788FC8-BA2C-469F-BB60-5BD105D66009}.Debug|Any CPU.ActiveCfg = Debug|Any CPU
		{8A788FC8-BA2C-469F-BB60-5BD105D66009}.Debug|Any CPU.Build.0 = Debug|Any CPU
		{8A788FC8-BA2C-469F-BB60-5BD105D66009}.Release|Any CPU.ActiveCfg = Release|Any CPU
		{8A788FC8-BA2C-469F-BB60-5BD105D66009}.Release|Any CPU.Build.0 = Release|Any CPU
	EndGlobalSection
	GlobalSection(SolutionProperties) = preSolution
		HideSolutionNode = FALSE
	EndGlobalSection
	GlobalSection(ExtensibilityGlobals) = postSolution
		SolutionGuid = {10EC4158-802C-4FD1-B9F6-6577A06DA135}
	EndGlobalSection
EndGlobal
